
Microsoft Visual Studio Solution File, Format Version 12.00
# Visual Studio Version 16
VisualStudioVersion = 16.0.30907.101
MinimumVisualStudioVersion = 10.0.40219.1
Project("{FAE04EC0-301F-11D3-BF4B-00C04F79EFBC}") = "Intec", "Intec.csproj", "{9B694A3D-DB90-461A-8426-835D5FA6B306}"
EndProject
Project("{FAE04EC0-301F-11D3-BF4B-00C04F79EFBC}") = "Web", "..\Web\Web.csproj", "{60211C4B-7231-45ED-B218-3241CED15599}"
EndProject
Project("{9A19103F-16F7-4668-BE54-9A1E7A4F7556}") = "IntecWeb", "IntecWeb\IntecWeb.csproj", "{97BC93E3-643D-4095-9A03-E61D472D9E5B}"
EndProject
Global
	GlobalSection(SolutionConfigurationPlatforms) = preSolution
		Debug|Any CPU = Debug|Any CPU
		Release|Any CPU = Release|Any CPU
	EndGlobalSection
	GlobalSection(ProjectConfigurationPlatforms) = postSolution
		{9B694A3D-DB90-461A-8426-835D5FA6B306}.Debug|Any CPU.ActiveCfg = Debug|Any CPU
		{9B694A3D-DB90-461A-8426-835D5FA6B306}.Debug|Any CPU.Build.0 = Debug|Any CPU
		{9B694A3D-DB90-461A-8426-835D5FA6B306}.Release|Any CPU.ActiveCfg = Release|Any CPU
		{9B694A3D-DB90-461A-8426-835D5FA6B306}.Release|Any CPU.Build.0 = Release|Any CPU
		{60211C4B-7231-45ED-B218-3241CED15599}.Debug|Any CPU.ActiveCfg = Debug|Any CPU
		{60211C4B-7231-45ED-B218-3241CED15599}.Debug|Any CPU.Build.0 = Debug|Any CPU
		{60211C4B-7231-45ED-B218-3241CED15599}.Release|Any CPU.ActiveCfg = Release|Any CPU
		{60211C4B-7231-45ED-B218-3241CED15599}.Release|Any CPU.Build.0 = Release|Any CPU
		{97BC93E3-643D-4095-9A03-E61D472D9E5B}.Debug|Any CPU.ActiveCfg = Debug|Any CPU
		{97BC93E3-643D-4095-9A03-E61D472D9E5B}.Debug|Any CPU.Build.0 = Debug|Any CPU
		{97BC93E3-643D-4095-9A03-E61D472D9E5B}.Release|Any CPU.ActiveCfg = Release|Any CPU
		{97BC93E3-643D-4095-9A03-E61D472D9E5B}.Release|Any CPU.Build.0 = Release|Any CPU
	EndGlobalSection
	GlobalSection(SolutionProperties) = preSolution
		HideSolutionNode = FALSE
	EndGlobalSection
	GlobalSection(ExtensibilityGlobals) = postSolution
		SolutionGuid = {BEAD76C8-A290-49E7-81DA-9FE2C364253A}
	EndGlobalSection
EndGlobal
